
Microsoft Visual Studio Solution File, Format Version 12.00
# Visual Studio Version 17
VisualStudioVersion = 17.12.35707.178 d17.12
MinimumVisualStudioVersion = 10.0.40219.1
Project("{FAE04EC0-301F-11D3-BF4B-00C04F79EFBC}") = "BarberApp.API", "BarberApp.API\BarberApp.API.csproj", "{5A6E0150-2C1A-4A21-AD51-F88A2884B63D}"
EndProject
Project("{FAE04EC0-301F-11D3-BF4B-00C04F79EFBC}") = "BarberApp.Application", "BarberApp.Application\BarberApp.Application.csproj", "{5C475A2B-B97A-4E9E-A4C7-3ED618FFF248}"
EndProject
Project("{FAE04EC0-301F-11D3-BF4B-00C04F79EFBC}") = "BarberApp.Domain", "BarberApp.Domain\BarberApp.Domain.csproj", "{32AD04E7-DB36-4D9D-81B8-613C7221D0BA}"
EndProject
Project("{FAE04EC0-301F-11D3-BF4B-00C04F79EFBC}") = "BarberApp.Infrastructure", "BarberApp.Infrastructure\BarberApp.Infrastructure.csproj", "{DB001246-6D43-4D3B-8838-68329873D337}"
EndProject
Project("{FAE04EC0-301F-11D3-BF4B-00C04F79EFBC}") = "BarberApp.Persistence", "BarberApp.Persistence\BarberApp.Persistence.csproj", "{E8C4F644-49D3-40A3-888A-35C952F3CF68}"
EndProject
Global
	GlobalSection(SolutionConfigurationPlatforms) = preSolution
		Debug|Any CPU = Debug|Any CPU
		Release|Any CPU = Release|Any CPU
	EndGlobalSection
	GlobalSection(ProjectConfigurationPlatforms) = postSolution
		{5A6E0150-2C1A-4A21-AD51-F88A2884B63D}.Debug|Any CPU.ActiveCfg = Debug|Any CPU
		{5A6E0150-2C1A-4A21-AD51-F88A2884B63D}.Debug|Any CPU.Build.0 = Debug|Any CPU
		{5A6E0150-2C1A-4A21-AD51-F88A2884B63D}.Release|Any CPU.ActiveCfg = Release|Any CPU
		{5A6E0150-2C1A-4A21-AD51-F88A2884B63D}.Release|Any CPU.Build.0 = Release|Any CPU
		{5C475A2B-B97A-4E9E-A4C7-3ED618FFF248}.Debug|Any CPU.ActiveCfg = Debug|Any CPU
		{5C475A2B-B97A-4E9E-A4C7-3ED618FFF248}.Debug|Any CPU.Build.0 = Debug|Any CPU
		{5C475A2B-B97A-4E9E-A4C7-3ED618FFF248}.Release|Any CPU.ActiveCfg = Release|Any CPU
		{5C475A2B-B97A-4E9E-A4C7-3ED618FFF248}.Release|Any CPU.Build.0 = Release|Any CPU
		{32AD04E7-DB36-4D9D-81B8-613C7221D0BA}.Debug|Any CPU.ActiveCfg = Debug|Any CPU
		{32AD04E7-DB36-4D9D-81B8-613C7221D0BA}.Debug|Any CPU.Build.0 = Debug|Any CPU
		{32AD04E7-DB36-4D9D-81B8-613C7221D0BA}.Release|Any CPU.ActiveCfg = Release|Any CPU
		{32AD04E7-DB36-4D9D-81B8-613C7221D0BA}.Release|Any CPU.Build.0 = Release|Any CPU
		{DB001246-6D43-4D3B-8838-68329873D337}.Debug|Any CPU.ActiveCfg = Debug|Any CPU
		{DB001246-6D43-4D3B-8838-68329873D337}.Debug|Any CPU.Build.0 = Debug|Any CPU
		{DB001246-6D43-4D3B-8838-68329873D337}.Release|Any CPU.ActiveCfg = Release|Any CPU
		{DB001246-6D43-4D3B-8838-68329873D337}.Release|Any CPU.Build.0 = Release|Any CPU
		{E8C4F644-49D3-40A3-888A-35C952F3CF68}.Debug|Any CPU.ActiveCfg = Debug|Any CPU
		{E8C4F644-49D3-40A3-888A-35C952F3CF68}.Debug|Any CPU.Build.0 = Debug|Any CPU
		{E8C4F644-49D3-40A3-888A-35C952F3CF68}.Release|Any CPU.ActiveCfg = Release|Any CPU
		{E8C4F644-49D3-40A3-888A-35C952F3CF68}.Release|Any CPU.Build.0 = Release|Any CPU
	EndGlobalSection
	GlobalSection(SolutionProperties) = preSolution
		HideSolutionNode = FALSE
	EndGlobalSection
EndGlobal
